
Microsoft Visual Studio Solution File, Format Version 12.00
# Visual Studio Version 17
VisualStudioVersion = 17.3.32922.545
MinimumVisualStudioVersion = 10.0.40219.1
Project("{FAE04EC0-301F-11D3-BF4B-00C04F79EFBC}") = "Tema_Laborator_3", "Tema_Laborator2\Tema_Laborator_3.csproj", "{02F6E67A-AB67-4EB3-B9D9-BA1ADD96BB6D}"
EndProject
Global
	GlobalSection(SolutionConfigurationPlatforms) = preSolution
		Debug|Any CPU = Debug|Any CPU
		Release|Any CPU = Release|Any CPU
	EndGlobalSection
	GlobalSection(ProjectConfigurationPlatforms) = postSolution
		{02F6E67A-AB67-4EB3-B9D9-BA1ADD96BB6D}.Debug|Any CPU.ActiveCfg = Debug|Any CPU
		{02F6E67A-AB67-4EB3-B9D9-BA1ADD96BB6D}.Debug|Any CPU.Build.0 = Debug|Any CPU
		{02F6E67A-AB67-4EB3-B9D9-BA1ADD96BB6D}.Release|Any CPU.ActiveCfg = Release|Any CPU
		{02F6E67A-AB67-4EB3-B9D9-BA1ADD96BB6D}.Release|Any CPU.Build.0 = Release|Any CPU
	EndGlobalSection
	GlobalSection(SolutionProperties) = preSolution
		HideSolutionNode = FALSE
	EndGlobalSection
	GlobalSection(ExtensibilityGlobals) = postSolution
		SolutionGuid = {3271FCDC-7F39-4CF3-9491-1252B9A03970}
	EndGlobalSection
EndGlobal
