
Microsoft Visual Studio Solution File, Format Version 12.00
# Visual Studio Version 17
VisualStudioVersion = 17.3.32922.545
MinimumVisualStudioVersion = 10.0.40219.1
Project("{FAE04EC0-301F-11D3-BF4B-00C04F79EFBC}") = "Murarasu Matei - George _ Lab_3", "Murarasu Matei - George _ Lab_3\Murarasu Matei - George _ Lab_3.csproj", "{F6CD2984-B02A-4ACF-825D-68C49223B95E}"
EndProject
Global
	GlobalSection(SolutionConfigurationPlatforms) = preSolution
		Debug|Any CPU = Debug|Any CPU
		Release|Any CPU = Release|Any CPU
	EndGlobalSection
	GlobalSection(ProjectConfigurationPlatforms) = postSolution
		{F6CD2984-B02A-4ACF-825D-68C49223B95E}.Debug|Any CPU.ActiveCfg = Debug|Any CPU
		{F6CD2984-B02A-4ACF-825D-68C49223B95E}.Debug|Any CPU.Build.0 = Debug|Any CPU
		{F6CD2984-B02A-4ACF-825D-68C49223B95E}.Release|Any CPU.ActiveCfg = Release|Any CPU
		{F6CD2984-B02A-4ACF-825D-68C49223B95E}.Release|Any CPU.Build.0 = Release|Any CPU
	EndGlobalSection
	GlobalSection(SolutionProperties) = preSolution
		HideSolutionNode = FALSE
	EndGlobalSection
	GlobalSection(ExtensibilityGlobals) = postSolution
		SolutionGuid = {16482243-4A14-4BC1-94CD-1A7075C3D4EC}
	EndGlobalSection
EndGlobal
